
Microsoft Visual Studio Solution File, Format Version 12.00
# Visual Studio Version 17
VisualStudioVersion = 17.0.32014.148
MinimumVisualStudioVersion = 10.0.40219.1
Project("{FAE04EC0-301F-11D3-BF4B-00C04F79EFBC}") = "Harjoitus6_Eläimet", "Harjoitus6_Eläimet\Harjoitus6_Eläimet.csproj", "{1846B656-EBE8-466E-8D4D-5BBC5114897B}"
EndProject
Global
	GlobalSection(SolutionConfigurationPlatforms) = preSolution
		Debug|Any CPU = Debug|Any CPU
		Release|Any CPU = Release|Any CPU
	EndGlobalSection
	GlobalSection(ProjectConfigurationPlatforms) = postSolution
		{1846B656-EBE8-466E-8D4D-5BBC5114897B}.Debug|Any CPU.ActiveCfg = Debug|Any CPU
		{1846B656-EBE8-466E-8D4D-5BBC5114897B}.Debug|Any CPU.Build.0 = Debug|Any CPU
		{1846B656-EBE8-466E-8D4D-5BBC5114897B}.Release|Any CPU.ActiveCfg = Release|Any CPU
		{1846B656-EBE8-466E-8D4D-5BBC5114897B}.Release|Any CPU.Build.0 = Release|Any CPU
	EndGlobalSection
	GlobalSection(SolutionProperties) = preSolution
		HideSolutionNode = FALSE
	EndGlobalSection
	GlobalSection(ExtensibilityGlobals) = postSolution
		SolutionGuid = {3FDE4EE1-3850-4C0F-BDEA-D7FCB86F1FE0}
	EndGlobalSection
EndGlobal
