
Microsoft Visual Studio Solution File, Format Version 12.00
# Visual Studio Version 17
VisualStudioVersion = 17.0.32014.148
MinimumVisualStudioVersion = 10.0.40219.1
Project("{FAE04EC0-301F-11D3-BF4B-00C04F79EFBC}") = "Harjoitus3KT", "Harjoitus3KT\Harjoitus3KT.csproj", "{E1AF9E59-8648-485C-B36A-2BFD4451C80E}"
EndProject
Global
	GlobalSection(SolutionConfigurationPlatforms) = preSolution
		Debug|Any CPU = Debug|Any CPU
		Release|Any CPU = Release|Any CPU
	EndGlobalSection
	GlobalSection(ProjectConfigurationPlatforms) = postSolution
		{E1AF9E59-8648-485C-B36A-2BFD4451C80E}.Debug|Any CPU.ActiveCfg = Debug|Any CPU
		{E1AF9E59-8648-485C-B36A-2BFD4451C80E}.Debug|Any CPU.Build.0 = Debug|Any CPU
		{E1AF9E59-8648-485C-B36A-2BFD4451C80E}.Release|Any CPU.ActiveCfg = Release|Any CPU
		{E1AF9E59-8648-485C-B36A-2BFD4451C80E}.Release|Any CPU.Build.0 = Release|Any CPU
	EndGlobalSection
	GlobalSection(SolutionProperties) = preSolution
		HideSolutionNode = FALSE
	EndGlobalSection
	GlobalSection(ExtensibilityGlobals) = postSolution
		SolutionGuid = {28CCF8A8-F2C7-4F8C-8C17-CE820E7FBE8C}
	EndGlobalSection
EndGlobal
